{
  "name": "orange-hr-e2e",
  "version": "1.0.0",
  "lockfileVersion": 2,
  "requires": true,
  "packages": {
    "": {
      "name": "orange-hr-e2e",
      "version": "1.0.0",
      "license": "ISC",
      "dependencies": {
        "ts-check": "^0.2.4"
      },
      "devDependencies": {
        "@playwright/test": "^1.22.1",
        "@types/node": "^17.0.38"
      }
    },
    "node_modules/@playwright/test": {
      "version": "1.22.1",
      "resolved": "https://registry.npmjs.org/@playwright/test/-/test-1.22.1.tgz",
      "integrity": "sha512-8ouMBUboYslHom41W8bnSEn0TwlAMHhCACwOZeuiAgzukj7KobpZ+UBwrGE0jJ0UblJbKAQNRHXL+z7sDSkb6g==",
      "dev": true,
      "dependencies": {
        "playwright-core": "1.22.1"
      },
      "bin": {
        "playwright": "cli.js"
      },
      "engines": {
        "node": ">=14"
      }
    },
    "node_modules/@types/mocha": {
      "version": "9.1.1",
      "resolved": "https://registry.npmjs.org/@types/mocha/-/mocha-9.1.1.tgz",
      "integrity": "sha512-Z61JK7DKDtdKTWwLeElSEBcWGRLY8g95ic5FoQqI9CMx0ns/Ghep3B4DfcEimiKMvtamNVULVNKEsiwV3aQmXw=="
    },
    "node_modules/@types/node": {
      "version": "17.0.38",
      "resolved": "https://registry.npmjs.org/@types/node/-/node-17.0.38.tgz",
      "integrity": "sha512-5jY9RhV7c0Z4Jy09G+NIDTsCZ5G0L5n+Z+p+Y7t5VJHM30bgwzSjVtlcBxqAj+6L/swIlvtOSzr8rBk/aNyV2g=="
    },
    "node_modules/extend": {
      "version": "3.0.2",
      "resolved": "https://registry.npmjs.org/extend/-/extend-3.0.2.tgz",
      "integrity": "sha512-fjquC59cD7CyW6urNXK0FBufkZcoiGG80wTuPujX590cB5Ttln20E2UB4S/WARVqhXffZl2LNgS+gQdPIIim/g=="
    },
    "node_modules/playwright-core": {
      "version": "1.22.1",
      "resolved": "https://registry.npmjs.org/playwright-core/-/playwright-core-1.22.1.tgz",
      "integrity": "sha512-H+ZUVYnceWNXrRf3oxTEKAr81QzFsCKu5Fp//fEjQvqgKkfA1iX3E9DBrPJpPNOrgVzcE+IqeI0fDmYJe6Ynnw==",
      "dev": true,
      "bin": {
        "playwright": "cli.js"
      },
      "engines": {
        "node": ">=14"
      }
    },
    "node_modules/ts-check": {
      "version": "0.2.4",
      "resolved": "https://registry.npmjs.org/ts-check/-/ts-check-0.2.4.tgz",
      "integrity": "sha512-IgXvDHvhBN3YIcCbjsfolKUdbwfzsUkZQNoOvPAuwR2T2jrwjBdIvc8uaWCPGepya9h2BfdlJTvhV6Z4Yb2CWA==",
      "dependencies": {
        "@types/mocha": "latest",
        "@types/node": "latest",
        "extend": "^3.0.1"
      }
    }
  },
  "dependencies": {
    "@playwright/test": {
      "version": "1.22.1",
      "resolved": "https://registry.npmjs.org/@playwright/test/-/test-1.22.1.tgz",
      "integrity": "sha512-8ouMBUboYslHom41W8bnSEn0TwlAMHhCACwOZeuiAgzukj7KobpZ+UBwrGE0jJ0UblJbKAQNRHXL+z7sDSkb6g==",
      "dev": true,
      "requires": {
        "playwright-core": "1.22.1"
      }
    },
    "@types/mocha": {
      "version": "9.1.1",
      "resolved": "https://registry.npmjs.org/@types/mocha/-/mocha-9.1.1.tgz",
      "integrity": "sha512-Z61JK7DKDtdKTWwLeElSEBcWGRLY8g95ic5FoQqI9CMx0ns/Ghep3B4DfcEimiKMvtamNVULVNKEsiwV3aQmXw=="
    },
    "@types/node": {
      "version": "17.0.38",
      "resolved": "https://registry.npmjs.org/@types/node/-/node-17.0.38.tgz",
      "integrity": "sha512-5jY9RhV7c0Z4Jy09G+NIDTsCZ5G0L5n+Z+p+Y7t5VJHM30bgwzSjVtlcBxqAj+6L/swIlvtOSzr8rBk/aNyV2g=="
    },
    "extend": {
      "version": "3.0.2",
      "resolved": "https://registry.npmjs.org/extend/-/extend-3.0.2.tgz",
      "integrity": "sha512-fjquC59cD7CyW6urNXK0FBufkZcoiGG80wTuPujX590cB5Ttln20E2UB4S/WARVqhXffZl2LNgS+gQdPIIim/g=="
    },
    "playwright-core": {
      "version": "1.22.1",
      "resolved": "https://registry.npmjs.org/playwright-core/-/playwright-core-1.22.1.tgz",
      "integrity": "sha512-H+ZUVYnceWNXrRf3oxTEKAr81QzFsCKu5Fp//fEjQvqgKkfA1iX3E9DBrPJpPNOrgVzcE+IqeI0fDmYJe6Ynnw==",
      "dev": true
    },
    "ts-check": {
      "version": "0.2.4",
      "resolved": "https://registry.npmjs.org/ts-check/-/ts-check-0.2.4.tgz",
      "integrity": "sha512-IgXvDHvhBN3YIcCbjsfolKUdbwfzsUkZQNoOvPAuwR2T2jrwjBdIvc8uaWCPGepya9h2BfdlJTvhV6Z4Yb2CWA==",
      "requires": {
        "@types/mocha": "latest",
        "@types/node": "latest",
        "extend": "^3.0.1"
      }
    }
  }
}
